
Microsoft Visual Studio Solution File, Format Version 12.00
# Visual Studio Version 17
VisualStudioVersion = 17.1.32210.238
MinimumVisualStudioVersion = 10.0.40219.1
Project("{8BC9CEB8-8B4A-11D0-8D11-00A0C91BC942}") = "XANDO", "XANDO\XANDO.vcxproj", "{3C3E6FFB-3AF0-4229-9CBE-139B1E2CAB4E}"
EndProject
Global
	GlobalSection(SolutionConfigurationPlatforms) = preSolution
		Debug|x64 = Debug|x64
		Debug|x86 = Debug|x86
		Release|x64 = Release|x64
		Release|x86 = Release|x86
	EndGlobalSection
	GlobalSection(ProjectConfigurationPlatforms) = postSolution
		{3C3E6FFB-3AF0-4229-9CBE-139B1E2CAB4E}.Debug|x64.ActiveCfg = Debug|x64
		{3C3E6FFB-3AF0-4229-9CBE-139B1E2CAB4E}.Debug|x64.Build.0 = Debug|x64
		{3C3E6FFB-3AF0-4229-9CBE-139B1E2CAB4E}.Debug|x86.ActiveCfg = Debug|Win32
		{3C3E6FFB-3AF0-4229-9CBE-139B1E2CAB4E}.Debug|x86.Build.0 = Debug|Win32
		{3C3E6FFB-3AF0-4229-9CBE-139B1E2CAB4E}.Release|x64.ActiveCfg = Release|x64
		{3C3E6FFB-3AF0-4229-9CBE-139B1E2CAB4E}.Release|x64.Build.0 = Release|x64
		{3C3E6FFB-3AF0-4229-9CBE-139B1E2CAB4E}.Release|x86.ActiveCfg = Release|Win32
		{3C3E6FFB-3AF0-4229-9CBE-139B1E2CAB4E}.Release|x86.Build.0 = Release|Win32
	EndGlobalSection
	GlobalSection(SolutionProperties) = preSolution
		HideSolutionNode = FALSE
	EndGlobalSection
	GlobalSection(ExtensibilityGlobals) = postSolution
		SolutionGuid = {CD159753-DF3E-4A11-91B1-430525A51775}
	EndGlobalSection
EndGlobal
